
Microsoft Visual Studio Solution File, Format Version 12.00
# Visual Studio 15
VisualStudioVersion = 15.0.28307.1800
MinimumVisualStudioVersion = 10.0.40219.1
Project("{FAE04EC0-301F-11D3-BF4B-00C04F79EFBC}") = "FAS", "FAS\FAS.csproj", "{0EBE136A-007E-45F1-9540-351A3AE8AF39}"
EndProject
Global
	GlobalSection(SolutionConfigurationPlatforms) = preSolution
		Debug|Any CPU = Debug|Any CPU
		Release|Any CPU = Release|Any CPU
	EndGlobalSection
	GlobalSection(ProjectConfigurationPlatforms) = postSolution
		{0EBE136A-007E-45F1-9540-351A3AE8AF39}.Debug|Any CPU.ActiveCfg = Debug|Any CPU
		{0EBE136A-007E-45F1-9540-351A3AE8AF39}.Debug|Any CPU.Build.0 = Debug|Any CPU
		{0EBE136A-007E-45F1-9540-351A3AE8AF39}.Release|Any CPU.ActiveCfg = Release|Any CPU
		{0EBE136A-007E-45F1-9540-351A3AE8AF39}.Release|Any CPU.Build.0 = Release|Any CPU
	EndGlobalSection
	GlobalSection(SolutionProperties) = preSolution
		HideSolutionNode = FALSE
	EndGlobalSection
	GlobalSection(ExtensibilityGlobals) = postSolution
		SolutionGuid = {13A4F240-2511-4E7A-8347-9EB822024EA5}
	EndGlobalSection
EndGlobal
